
Microsoft Visual Studio Solution File, Format Version 12.00
# Visual Studio Version 17
VisualStudioVersion = 17.4.33205.214
MinimumVisualStudioVersion = 10.0.40219.1
Project("{9A19103F-16F7-4668-BE54-9A1E7A4F7556}") = "HardwarePriceHistory.WorkerService", "HardwarePriceHistory.WorkerService\HardwarePriceHistory.WorkerService.csproj", "{E8E26220-C57F-4B60-8E53-76DA8B942472}"
EndProject
Project("{9A19103F-16F7-4668-BE54-9A1E7A4F7556}") = "HardwarePriceHistory.WebAPI", "HardwarePriceHistory.WebAPI\HardwarePriceHistory.WebAPI.csproj", "{065AB601-83D4-45F2-B315-B7F37B5B492F}"
EndProject
Project("{9A19103F-16F7-4668-BE54-9A1E7A4F7556}") = "HardwarePriceHistory.Core", "HardwarePriceHistory.Core\HardwarePriceHistory.Core.csproj", "{84760E70-4368-4917-AAC7-7D1E41C96FD4}"
EndProject
Project("{9A19103F-16F7-4668-BE54-9A1E7A4F7556}") = "HardwarePriceHistory.Infrastructure", "HardwarePriceHistory.Infrastructure\HardwarePriceHistory.Infrastructure.csproj", "{33557B59-2EC5-4123-B6F7-3ED7F5E68060}"
EndProject
Project("{FAE04EC0-301F-11D3-BF4B-00C04F79EFBC}") = "HardwarePriceHistory.Application", "HardwarePriceHistory.Application\HardwarePriceHistory.Application.csproj", "{7D3BF373-A7AD-40A2-AE83-244B59E10166}"
EndProject
Global
	GlobalSection(SolutionConfigurationPlatforms) = preSolution
		Debug|Any CPU = Debug|Any CPU
		Release|Any CPU = Release|Any CPU
	EndGlobalSection
	GlobalSection(ProjectConfigurationPlatforms) = postSolution
		{E8E26220-C57F-4B60-8E53-76DA8B942472}.Debug|Any CPU.ActiveCfg = Debug|Any CPU
		{E8E26220-C57F-4B60-8E53-76DA8B942472}.Debug|Any CPU.Build.0 = Debug|Any CPU
		{E8E26220-C57F-4B60-8E53-76DA8B942472}.Release|Any CPU.ActiveCfg = Release|Any CPU
		{E8E26220-C57F-4B60-8E53-76DA8B942472}.Release|Any CPU.Build.0 = Release|Any CPU
		{065AB601-83D4-45F2-B315-B7F37B5B492F}.Debug|Any CPU.ActiveCfg = Debug|Any CPU
		{065AB601-83D4-45F2-B315-B7F37B5B492F}.Debug|Any CPU.Build.0 = Debug|Any CPU
		{065AB601-83D4-45F2-B315-B7F37B5B492F}.Release|Any CPU.ActiveCfg = Release|Any CPU
		{065AB601-83D4-45F2-B315-B7F37B5B492F}.Release|Any CPU.Build.0 = Release|Any CPU
		{84760E70-4368-4917-AAC7-7D1E41C96FD4}.Debug|Any CPU.ActiveCfg = Debug|Any CPU
		{84760E70-4368-4917-AAC7-7D1E41C96FD4}.Debug|Any CPU.Build.0 = Debug|Any CPU
		{84760E70-4368-4917-AAC7-7D1E41C96FD4}.Release|Any CPU.ActiveCfg = Release|Any CPU
		{84760E70-4368-4917-AAC7-7D1E41C96FD4}.Release|Any CPU.Build.0 = Release|Any CPU
		{33557B59-2EC5-4123-B6F7-3ED7F5E68060}.Debug|Any CPU.ActiveCfg = Debug|Any CPU
		{33557B59-2EC5-4123-B6F7-3ED7F5E68060}.Debug|Any CPU.Build.0 = Debug|Any CPU
		{33557B59-2EC5-4123-B6F7-3ED7F5E68060}.Release|Any CPU.ActiveCfg = Release|Any CPU
		{33557B59-2EC5-4123-B6F7-3ED7F5E68060}.Release|Any CPU.Build.0 = Release|Any CPU
		{7D3BF373-A7AD-40A2-AE83-244B59E10166}.Debug|Any CPU.ActiveCfg = Debug|Any CPU
		{7D3BF373-A7AD-40A2-AE83-244B59E10166}.Debug|Any CPU.Build.0 = Debug|Any CPU
		{7D3BF373-A7AD-40A2-AE83-244B59E10166}.Release|Any CPU.ActiveCfg = Release|Any CPU
		{7D3BF373-A7AD-40A2-AE83-244B59E10166}.Release|Any CPU.Build.0 = Release|Any CPU
	EndGlobalSection
	GlobalSection(SolutionProperties) = preSolution
		HideSolutionNode = FALSE
	EndGlobalSection
	GlobalSection(ExtensibilityGlobals) = postSolution
		SolutionGuid = {5F337C2A-7358-4C43-A909-57FD5CF1EF83}
	EndGlobalSection
EndGlobal
