
Microsoft Visual Studio Solution File, Format Version 12.00
Project("{FAE04EC0-301F-11D3-BF4B-00C04F79EFBC}") = "HardwarePriceHistory.WebApi", "HardwarePriceHistory.WebApi\HardwarePriceHistory.WebApi.csproj", "{2048B147-3B70-491F-9DC4-80D34AE7F2B2}"
EndProject
Project("{FAE04EC0-301F-11D3-BF4B-00C04F79EFBC}") = "HardwarePriceHistory.Pichau", "HardwarePriceHistory.Pichau\HardwarePriceHistory.Pichau.csproj", "{8090037C-EB98-4FDC-A967-3AAFA6A1C39B}"
EndProject
Project("{FAE04EC0-301F-11D3-BF4B-00C04F79EFBC}") = "HardwarePriceHistory.Data", "HardwarePriceHistory.Data\HardwarePriceHistory.Data.csproj", "{A34CF399-DEA4-4547-8904-4107CB586989}"
EndProject
Project("{FAE04EC0-301F-11D3-BF4B-00C04F79EFBC}") = "Testing", "Testing\Testing.csproj", "{0C239DF8-4596-482D-A7D4-E802AA12C889}"
EndProject
Global
	GlobalSection(SolutionConfigurationPlatforms) = preSolution
		Debug|Any CPU = Debug|Any CPU
		Release|Any CPU = Release|Any CPU
	EndGlobalSection
	GlobalSection(ProjectConfigurationPlatforms) = postSolution
		{2048B147-3B70-491F-9DC4-80D34AE7F2B2}.Debug|Any CPU.ActiveCfg = Debug|Any CPU
		{2048B147-3B70-491F-9DC4-80D34AE7F2B2}.Debug|Any CPU.Build.0 = Debug|Any CPU
		{2048B147-3B70-491F-9DC4-80D34AE7F2B2}.Release|Any CPU.ActiveCfg = Release|Any CPU
		{2048B147-3B70-491F-9DC4-80D34AE7F2B2}.Release|Any CPU.Build.0 = Release|Any CPU
		{8090037C-EB98-4FDC-A967-3AAFA6A1C39B}.Debug|Any CPU.ActiveCfg = Debug|Any CPU
		{8090037C-EB98-4FDC-A967-3AAFA6A1C39B}.Debug|Any CPU.Build.0 = Debug|Any CPU
		{8090037C-EB98-4FDC-A967-3AAFA6A1C39B}.Release|Any CPU.ActiveCfg = Release|Any CPU
		{8090037C-EB98-4FDC-A967-3AAFA6A1C39B}.Release|Any CPU.Build.0 = Release|Any CPU
		{A34CF399-DEA4-4547-8904-4107CB586989}.Debug|Any CPU.ActiveCfg = Debug|Any CPU
		{A34CF399-DEA4-4547-8904-4107CB586989}.Debug|Any CPU.Build.0 = Debug|Any CPU
		{A34CF399-DEA4-4547-8904-4107CB586989}.Release|Any CPU.ActiveCfg = Release|Any CPU
		{A34CF399-DEA4-4547-8904-4107CB586989}.Release|Any CPU.Build.0 = Release|Any CPU
		{0C239DF8-4596-482D-A7D4-E802AA12C889}.Debug|Any CPU.ActiveCfg = Debug|Any CPU
		{0C239DF8-4596-482D-A7D4-E802AA12C889}.Debug|Any CPU.Build.0 = Debug|Any CPU
		{0C239DF8-4596-482D-A7D4-E802AA12C889}.Release|Any CPU.ActiveCfg = Release|Any CPU
		{0C239DF8-4596-482D-A7D4-E802AA12C889}.Release|Any CPU.Build.0 = Release|Any CPU
	EndGlobalSection
EndGlobal
